{
    "_readme": [
        "This file locks the dependencies of your project to a known state",
        "Read more about it at https://getcomposer.org/doc/01-basic-usage.md#installing-dependencies",
        "This file is @generated automatically"
    ],
    "content-hash": "2b71e411b14829533dfae680640a282e",
    "packages": [
        {
            "name": "erykai/database",
            "version": "v1.2.2",
            "source": {
                "type": "git",
                "url": "https://github.com/Erykai/database.git",
                "reference": "f215d447a6fa6b1c2a47efba0bf70cea0da3be28"
            },
            "dist": {
                "type": "zip",
                "url": "https://api.github.com/repos/Erykai/database/zipball/f215d447a6fa6b1c2a47efba0bf70cea0da3be28",
                "reference": "f215d447a6fa6b1c2a47efba0bf70cea0da3be28",
                "shasum": ""
            },
            "require": {
                "ext-pdo": "*",
                "php": ">=8.0"
            },
            "type": "library",
            "autoload": {
                "psr-4": {
                    "Erykai\\Database\\": "src"
                }
            },
            "notification-url": "https://packagist.org/downloads/",
            "license": [
                "MIT"
            ],
            "authors": [
                {
                    "name": "alexdeovidal",
                    "email": "contato@webav.com.br"
                }
            ],
            "description": "Responsible for making CRUD with database, using PDO, compatible with: Cubrid, FreeTDS / Microsoft SQL Server / Sybase, Firebird, IBM DB2, IBM Informix Dynamic Server, MySQL 3.x/4.x/5.x, Oracle Call Interface, ODBC v3 (IBM DB2, unixODBC and win32 ODBC), PostgreSQL, SQLite 3 and SQLite 2, Microsoft SQL Server / SQL Azure e MariaDB",
            "support": {
                "issues": "https://github.com/Erykai/database/issues",
                "source": "https://github.com/Erykai/database/tree/v1.2.2"
            },
            "time": "2022-08-21T18:06:32+00:00"
        },
        {
            "name": "erykai/migration",
            "version": "v1.1.0",
            "source": {
                "type": "git",
                "url": "https://github.com/Erykai/migration.git",
                "reference": "c2e821ae2510ecdbd5d09a328a1e369576fb96a6"
            },
            "dist": {
                "type": "zip",
                "url": "https://api.github.com/repos/Erykai/migration/zipball/c2e821ae2510ecdbd5d09a328a1e369576fb96a6",
                "reference": "c2e821ae2510ecdbd5d09a328a1e369576fb96a6",
                "shasum": ""
            },
            "require": {
                "php": ">=8.0"
            },
            "type": "library",
            "autoload": {
                "psr-4": {
                    "Erykai\\Migration\\": "src"
                }
            },
            "notification-url": "https://packagist.org/downloads/",
            "license": [
                "MIT"
            ],
            "authors": [
                {
                    "name": "alexdeovidal",
                    "email": "contato@webav.com.br"
                }
            ],
            "description": "Auto create tables database mysql",
            "support": {
                "issues": "https://github.com/Erykai/migration/issues",
                "source": "https://github.com/Erykai/migration/tree/v1.1.0"
            },
            "time": "2022-08-17T11:49:27+00:00"
        },
        {
            "name": "erykai/request",
            "version": "v1.2.1",
            "source": {
                "type": "git",
                "url": "https://github.com/Erykai/request.git",
                "reference": "434570e3106307c51ba18a8f0fca136eba3efa18"
            },
            "dist": {
                "type": "zip",
                "url": "https://api.github.com/repos/Erykai/request/zipball/434570e3106307c51ba18a8f0fca136eba3efa18",
                "reference": "434570e3106307c51ba18a8f0fca136eba3efa18",
                "shasum": ""
            },
            "require": {
                "php": ">=8.0"
            },
            "type": "library",
            "autoload": {
                "psr-4": {
                    "Erykai\\Request\\": "src"
                }
            },
            "notification-url": "https://packagist.org/downloads/",
            "license": [
                "MIT"
            ],
            "authors": [
                {
                    "name": "alexdeovidal",
                    "email": "contato@webav.com.br"
                }
            ],
            "description": "receives INPUT_POST requests, php://input and query converts and returns in object",
            "support": {
                "issues": "https://github.com/Erykai/request/issues",
                "source": "https://github.com/Erykai/request/tree/v1.2.1"
            },
            "time": "2022-08-21T16:30:46+00:00"
        },
        {
            "name": "erykai/response",
            "version": "v1.0.1",
            "source": {
                "type": "git",
                "url": "https://github.com/Erykai/response.git",
                "reference": "8bbe832efc44e900b0c4b635e7a2b05fcca151e2"
            },
            "dist": {
                "type": "zip",
                "url": "https://api.github.com/repos/Erykai/response/zipball/8bbe832efc44e900b0c4b635e7a2b05fcca151e2",
                "reference": "8bbe832efc44e900b0c4b635e7a2b05fcca151e2",
                "shasum": ""
            },
            "require": {
                "ext-json": "*",
                "php": ">=8.0"
            },
            "type": "library",
            "autoload": {
                "psr-4": {
                    "Erykai\\Response\\": "src"
                }
            },
            "notification-url": "https://packagist.org/downloads/",
            "license": [
                "MIT"
            ],
            "authors": [
                {
                    "name": "alexdeovidal",
                    "email": "contato@webav.com.br"
                }
            ],
            "description": "Response json, array and object with translation into any language",
            "support": {
                "issues": "https://github.com/Erykai/response/issues",
                "source": "https://github.com/Erykai/response/tree/v1.0.1"
            },
            "time": "2022-08-21T16:39:36+00:00"
        },
        {
            "name": "erykai/routes",
            "version": "v1.1.2",
            "source": {
                "type": "git",
                "url": "https://github.com/Erykai/routes.git",
                "reference": "88d8dd4cc425ae0fce1320b2d7f2977b6d780997"
            },
            "dist": {
                "type": "zip",
                "url": "https://api.github.com/repos/Erykai/routes/zipball/88d8dd4cc425ae0fce1320b2d7f2977b6d780997",
                "reference": "88d8dd4cc425ae0fce1320b2d7f2977b6d780997",
                "shasum": ""
            },
            "require": {
                "php": ">=8.0"
            },
            "type": "library",
            "autoload": {
                "psr-4": {
                    "Erykai\\Routes\\": "src"
                }
            },
            "notification-url": "https://packagist.org/downloads/",
            "license": [
                "MIT"
            ],
            "authors": [
                {
                    "name": "alexdeovidal",
                    "email": "contato@webav.com.br"
                }
            ],
            "description": "Responsible for managing application routes",
            "support": {
                "issues": "https://github.com/Erykai/routes/issues",
                "source": "https://github.com/Erykai/routes/tree/v1.1.2"
            },
            "time": "2022-08-21T18:03:15+00:00"
        },
        {
            "name": "erykai/translate",
            "version": "v2.1.0",
            "source": {
                "type": "git",
                "url": "https://github.com/Erykai/translate.git",
                "reference": "59e8ab4cb616d4f6cd7fab419d89e3e3b81ae489"
            },
            "dist": {
                "type": "zip",
                "url": "https://api.github.com/repos/Erykai/translate/zipball/59e8ab4cb616d4f6cd7fab419d89e3e3b81ae489",
                "reference": "59e8ab4cb616d4f6cd7fab419d89e3e3b81ae489",
                "shasum": ""
            },
            "require": {
                "ext-curl": "*",
                "php": ">=8.0"
            },
            "type": "library",
            "autoload": {
                "psr-4": {
                    "Erykai\\Translate\\": "src"
                }
            },
            "notification-url": "https://packagist.org/downloads/",
            "license": [
                "MIT"
            ],
            "authors": [
                {
                    "name": "alexdeovidal",
                    "email": "contato@webav.com.br"
                }
            ],
            "description": "Component for all language translation, system messages and routes",
            "support": {
                "issues": "https://github.com/Erykai/translate/issues",
                "source": "https://github.com/Erykai/translate/tree/v2.1.0"
            },
            "time": "2022-08-31T10:37:06+00:00"
        },
        {
            "name": "erykai/upload",
            "version": "v1.2.2",
            "source": {
                "type": "git",
                "url": "https://github.com/Erykai/upload.git",
                "reference": "2b985f730208457ce1d746403470597ca5ba5398"
            },
            "dist": {
                "type": "zip",
                "url": "https://api.github.com/repos/Erykai/upload/zipball/2b985f730208457ce1d746403470597ca5ba5398",
                "reference": "2b985f730208457ce1d746403470597ca5ba5398",
                "shasum": ""
            },
            "require": {
                "php": ">=8.0"
            },
            "type": "library",
            "autoload": {
                "psr-4": {
                    "Erykai\\Upload\\": "src"
                }
            },
            "notification-url": "https://packagist.org/downloads/",
            "license": [
                "MIT"
            ],
            "authors": [
                {
                    "name": "alexdeovidal",
                    "email": "contato@webav.com.br"
                }
            ],
            "description": "Upload media, files and images",
            "support": {
                "issues": "https://github.com/Erykai/upload/issues",
                "source": "https://github.com/Erykai/upload/tree/v1.2.2"
            },
            "time": "2022-08-10T11:02:58+00:00"
        }
    ],
    "packages-dev": [],
    "aliases": [],
    "minimum-stability": "stable",
    "stability-flags": [],
    "prefer-stable": false,
    "prefer-lowest": false,
    "platform": {
        "ext-fileinfo": "*",
        "php": ">=8.0",
        "ext-pdo": "*",
        "ext-curl": "*"
    },
    "platform-dev": [],
    "plugin-api-version": "2.3.0"
}
